// !$*UTF8*$!
{
	archiveVersion = 1;
	classes = {
	};
	objectVersion = 51;
	objects = {

/* Begin PBXBuildFile section */
		3AF1EB4384DE54513F50CFB9 /* Pods_HelloRxSwift.framework in Frameworks */ = {isa = PBXBuildFile; fileRef = 9D1C1FCE011180FDA1E0FACD /* Pods_HelloRxSwift.framework */; };
		61CC03DF24D1A905003C22BA /* AppDelegate.swift in Sources */ = {isa = PBXBuildFile; fileRef = 61CC03DE24D1A905003C22BA /* AppDelegate.swift */; };
		61CC03E124D1A905003C22BA /* SceneDelegate.swift in Sources */ = {isa = PBXBuildFile; fileRef = 61CC03E024D1A905003C22BA /* SceneDelegate.swift */; };
		61CC03E324D1A905003C22BA /* ViewController.swift in Sources */ = {isa = PBXBuildFile; fileRef = 61CC03E224D1A905003C22BA /* ViewController.swift */; };
		61CC03E624D1A905003C22BA /* Main.storyboard in Resources */ = {isa = PBXBuildFile; fileRef = 61CC03E424D1A905003C22BA /* Main.storyboard */; };
		61CC03E824D1A90C003C22BA /* Assets.xcassets in Resources */ = {isa = PBXBuildFile; fileRef = 61CC03E724D1A90C003C22BA /* Assets.xcassets */; };
		61CC03EB24D1A90C003C22BA /* LaunchScreen.storyboard in Resources */ = {isa = PBXBuildFile; fileRef = 61CC03E924D1A90C003C22BA /* LaunchScreen.storyboard */; };
/* End PBXBuildFile section */

/* Begin PBXFileReference section */
		199B39BED27881407186A22E /* Pods-HelloRxSwift.debug.xcconfig */ = {isa = PBXFileReference; includeInIndex = 1; lastKnownFileType = text.xcconfig; name = "Pods-HelloRxSwift.debug.xcconfig"; path = "Target Support Files/Pods-HelloRxSwift/Pods-HelloRxSwift.debug.xcconfig"; sourceTree = "<group>"; };
		6147FFAC24D2FEB300C58F7A /* Variables.playground */ = {isa = PBXFileReference; lastKnownFileType = file.playground; path = Variables.playground; sourceTree = "<group>"; xcLanguageSpecificationIdentifier = xcode.lang.swift; };
		6147FFAD24D59AE600C58F7A /* BehaviorRelay.playground */ = {isa = PBXFileReference; lastKnownFileType = file.playground; path = BehaviorRelay.playground; sourceTree = "<group>"; xcLanguageSpecificationIdentifier = xcode.lang.swift; };
		6147FFD424D8447300C58F7A /* Ignore_FilteringOperators.playground */ = {isa = PBXFileReference; lastKnownFileType = file.playground; path = Ignore_FilteringOperators.playground; sourceTree = "<group>"; xcLanguageSpecificationIdentifier = xcode.lang.swift; };
		6147FFD524D847A300C58F7A /* ElementAt_FilteringOperators.playground */ = {isa = PBXFileReference; lastKnownFileType = file.playground; path = ElementAt_FilteringOperators.playground; sourceTree = "<group>"; xcLanguageSpecificationIdentifier = xcode.lang.swift; };
		6147FFD624D8495300C58F7A /* Filter_Filtering Operators.playground */ = {isa = PBXFileReference; lastKnownFileType = file.playground; path = "Filter_Filtering Operators.playground"; sourceTree = "<group>"; xcLanguageSpecificationIdentifier = xcode.lang.swift; };
		6147FFD824D84CEF00C58F7A /* Skip_FilteringOperators.playground */ = {isa = PBXFileReference; lastKnownFileType = file.playground; path = Skip_FilteringOperators.playground; sourceTree = "<group>"; xcLanguageSpecificationIdentifier = xcode.lang.swift; };
		6147FFDB24D84F8F00C58F7A /* Skip While_FilteringOperators.playground */ = {isa = PBXFileReference; lastKnownFileType = file.playground; path = "Skip While_FilteringOperators.playground"; sourceTree = "<group>"; xcLanguageSpecificationIdentifier = xcode.lang.swift; };
		6147FFDC24D8539F00C58F7A /* SkipUntil_FilteringOperators.playground */ = {isa = PBXFileReference; lastKnownFileType = file.playground; path = SkipUntil_FilteringOperators.playground; sourceTree = "<group>"; xcLanguageSpecificationIdentifier = xcode.lang.swift; };
		61CC03DB24D1A905003C22BA /* HelloRxSwift.app */ = {isa = PBXFileReference; explicitFileType = wrapper.application; includeInIndex = 0; path = HelloRxSwift.app; sourceTree = BUILT_PRODUCTS_DIR; };
		61CC03DE24D1A905003C22BA /* AppDelegate.swift */ = {isa = PBXFileReference; lastKnownFileType = sourcecode.swift; path = AppDelegate.swift; sourceTree = "<group>"; };
		61CC03E024D1A905003C22BA /* SceneDelegate.swift */ = {isa = PBXFileReference; lastKnownFileType = sourcecode.swift; path = SceneDelegate.swift; sourceTree = "<group>"; };
		61CC03E224D1A905003C22BA /* ViewController.swift */ = {isa = PBXFileReference; lastKnownFileType = sourcecode.swift; path = ViewController.swift; sourceTree = "<group>"; };
		61CC03E524D1A905003C22BA /* Base */ = {isa = PBXFileReference; lastKnownFileType = file.storyboard; name = Base; path = Base.lproj/Main.storyboard; sourceTree = "<group>"; };
		61CC03E724D1A90C003C22BA /* Assets.xcassets */ = {isa = PBXFileReference; lastKnownFileType = folder.assetcatalog; path = Assets.xcassets; sourceTree = "<group>"; };
		61CC03EA24D1A90C003C22BA /* Base */ = {isa = PBXFileReference; lastKnownFileType = file.storyboard; name = Base; path = Base.lproj/LaunchScreen.storyboard; sourceTree = "<group>"; };
		61CC03EC24D1A90C003C22BA /* Info.plist */ = {isa = PBXFileReference; lastKnownFileType = text.plist.xml; path = Info.plist; sourceTree = "<group>"; };
		61CC03F424D208CF003C22BA /* PublishSubjects.playground */ = {isa = PBXFileReference; lastKnownFileType = file.playground; name = PublishSubjects.playground; path = HelloRxSwift/Subjects/PublishSubjects.playground; sourceTree = SOURCE_ROOT; xcLanguageSpecificationIdentifier = xcode.lang.swift; };
		61CC03F524D2096B003C22BA /* Observable.playground */ = {isa = PBXFileReference; lastKnownFileType = file.playground; path = Observable.playground; sourceTree = "<group>"; xcLanguageSpecificationIdentifier = xcode.lang.swift; };
		61CC03F624D20984003C22BA /* Disposing.playground */ = {isa = PBXFileReference; lastKnownFileType = file.playground; path = Disposing.playground; sourceTree = "<group>"; xcLanguageSpecificationIdentifier = xcode.lang.swift; };
		61CC03F724D21046003C22BA /* BehaviorSubjects.playground */ = {isa = PBXFileReference; lastKnownFileType = file.playground; path = BehaviorSubjects.playground; sourceTree = "<group>"; xcLanguageSpecificationIdentifier = xcode.lang.swift; };
		61CC03F824D21291003C22BA /* ReplaySubjects.playground */ = {isa = PBXFileReference; lastKnownFileType = file.playground; path = ReplaySubjects.playground; sourceTree = "<group>"; xcLanguageSpecificationIdentifier = xcode.lang.swift; };
		9D1C1FCE011180FDA1E0FACD /* Pods_HelloRxSwift.framework */ = {isa = PBXFileReference; explicitFileType = wrapper.framework; includeInIndex = 0; path = Pods_HelloRxSwift.framework; sourceTree = BUILT_PRODUCTS_DIR; };
		DBD406F247665D9B8DD5EE08 /* Pods-HelloRxSwift.release.xcconfig */ = {isa = PBXFileReference; includeInIndex = 1; lastKnownFileType = text.xcconfig; name = "Pods-HelloRxSwift.release.xcconfig"; path = "Target Support Files/Pods-HelloRxSwift/Pods-HelloRxSwift.release.xcconfig"; sourceTree = "<group>"; };
/* End PBXFileReference section */

/* Begin PBXFrameworksBuildPhase section */
		61CC03D824D1A905003C22BA /* Frameworks */ = {
			isa = PBXFrameworksBuildPhase;
			buildActionMask = 2147483647;
			files = (
				3AF1EB4384DE54513F50CFB9 /* Pods_HelloRxSwift.framework in Frameworks */,
			);
			runOnlyForDeploymentPostprocessing = 0;
		};
/* End PBXFrameworksBuildPhase section */

/* Begin PBXGroup section */
		6147FFD724D84CAD00C58F7A /* Filtering Operators */ = {
			isa = PBXGroup;
			children = (
				6147FFD624D8495300C58F7A /* Filter_Filtering Operators.playground */,
				6147FFD524D847A300C58F7A /* ElementAt_FilteringOperators.playground */,
				6147FFD424D8447300C58F7A /* Ignore_FilteringOperators.playground */,
				6147FFD824D84CEF00C58F7A /* Skip_FilteringOperators.playground */,
				6147FFDB24D84F8F00C58F7A /* Skip While_FilteringOperators.playground */,
				6147FFDC24D8539F00C58F7A /* SkipUntil_FilteringOperators.playground */,
			);
			path = "Filtering Operators";
			sourceTree = "<group>";
		};
		6147FFD924D84D3500C58F7A /* Subjects */ = {
			isa = PBXGroup;
			children = (
				6147FFAD24D59AE600C58F7A /* BehaviorRelay.playground */,
				6147FFAC24D2FEB300C58F7A /* Variables.playground */,
				61CC03F824D21291003C22BA /* ReplaySubjects.playground */,
				61CC03F724D21046003C22BA /* BehaviorSubjects.playground */,
				61CC03F424D208CF003C22BA /* PublishSubjects.playground */,
			);
			path = Subjects;
			sourceTree = "<group>";
		};
		6147FFDA24D84D8400C58F7A /* Observables */ = {
			isa = PBXGroup;
			children = (
				61CC03F624D20984003C22BA /* Disposing.playground */,
				61CC03F524D2096B003C22BA /* Observable.playground */,
			);
			path = Observables;
			sourceTree = "<group>";
		};
		61CC03D224D1A905003C22BA = {
			isa = PBXGroup;
			children = (
				61CC03DD24D1A905003C22BA /* HelloRxSwift */,
				61CC03DC24D1A905003C22BA /* Products */,
				FE24DFC22B424C3FFFAF406A /* Pods */,
				A1D8E8AAB2D5E285974A68D7 /* Frameworks */,
			);
			sourceTree = "<group>";
		};
		61CC03DC24D1A905003C22BA /* Products */ = {
			isa = PBXGroup;
			children = (
				61CC03DB24D1A905003C22BA /* HelloRxSwift.app */,
			);
			name = Products;
			sourceTree = "<group>";
		};
		61CC03DD24D1A905003C22BA /* HelloRxSwift */ = {
			isa = PBXGroup;
			children = (
				6147FFDA24D84D8400C58F7A /* Observables */,
				6147FFD924D84D3500C58F7A /* Subjects */,
				6147FFD724D84CAD00C58F7A /* Filtering Operators */,
				61CC03DE24D1A905003C22BA /* AppDelegate.swift */,
				61CC03E024D1A905003C22BA /* SceneDelegate.swift */,
				61CC03E224D1A905003C22BA /* ViewController.swift */,
				61CC03E424D1A905003C22BA /* Main.storyboard */,
				61CC03E724D1A90C003C22BA /* Assets.xcassets */,
				61CC03E924D1A90C003C22BA /* LaunchScreen.storyboard */,
				61CC03EC24D1A90C003C22BA /* Info.plist */,
			);
			path = HelloRxSwift;
			sourceTree = "<group>";
		};
		A1D8E8AAB2D5E285974A68D7 /* Frameworks */ = {
			isa = PBXGroup;
			children = (
				9D1C1FCE011180FDA1E0FACD /* Pods_HelloRxSwift.framework */,
			);
			name = Frameworks;
			sourceTree = "<group>";
		};
		FE24DFC22B424C3FFFAF406A /* Pods */ = {
			isa = PBXGroup;
			children = (
				199B39BED27881407186A22E /* Pods-HelloRxSwift.debug.xcconfig */,
				DBD406F247665D9B8DD5EE08 /* Pods-HelloRxSwift.release.xcconfig */,
			);
			path = Pods;
			sourceTree = "<group>";
		};
/* End PBXGroup section */

/* Begin PBXNativeTarget section */
		61CC03DA24D1A905003C22BA /* HelloRxSwift */ = {
			isa = PBXNativeTarget;
			buildConfigurationList = 61CC03EF24D1A90C003C22BA /* Build configuration list for PBXNativeTarget "HelloRxSwift" */;
			buildPhases = (
				7FFC46696380977506EF6136 /* [CP] Check Pods Manifest.lock */,
				61CC03D724D1A905003C22BA /* Sources */,
				61CC03D824D1A905003C22BA /* Frameworks */,
				61CC03D924D1A905003C22BA /* Resources */,
				8BFF15A46DC2BE869CC2655B /* [CP] Embed Pods Frameworks */,
			);
			buildRules = (
			);
			dependencies = (
			);
			name = HelloRxSwift;
			productName = HelloRxSwift;
			productReference = 61CC03DB24D1A905003C22BA /* HelloRxSwift.app */;
			productType = "com.apple.product-type.application";
		};
/* End PBXNativeTarget section */

/* Begin PBXProject section */
		61CC03D324D1A905003C22BA /* Project object */ = {
			isa = PBXProject;
			attributes = {
				LastSwiftUpdateCheck = 1130;
				LastUpgradeCheck = 1130;
				ORGANIZATIONNAME = "mohamed  habib";
				TargetAttributes = {
					61CC03DA24D1A905003C22BA = {
						CreatedOnToolsVersion = 11.3.1;
					};
				};
			};
			buildConfigurationList = 61CC03D624D1A905003C22BA /* Build configuration list for PBXProject "HelloRxSwift" */;
			compatibilityVersion = "Xcode 9.3";
			developmentRegion = en;
			hasScannedForEncodings = 0;
			knownRegions = (
				en,
				Base,
			);
			mainGroup = 61CC03D224D1A905003C22BA;
			productRefGroup = 61CC03DC24D1A905003C22BA /* Products */;
			projectDirPath = "";
			projectRoot = "";
			targets = (
				61CC03DA24D1A905003C22BA /* HelloRxSwift */,
			);
		};
/* End PBXProject section */

/* Begin PBXResourcesBuildPhase section */
		61CC03D924D1A905003C22BA /* Resources */ = {
			isa = PBXResourcesBuildPhase;
			buildActionMask = 2147483647;
			files = (
				61CC03EB24D1A90C003C22BA /* LaunchScreen.storyboard in Resources */,
				61CC03E824D1A90C003C22BA /* Assets.xcassets in Resources */,
				61CC03E624D1A905003C22BA /* Main.storyboard in Resources */,
			);
			runOnlyForDeploymentPostprocessing = 0;
		};
/* End PBXResourcesBuildPhase section */

/* Begin PBXShellScriptBuildPhase section */
		7FFC46696380977506EF6136 /* [CP] Check Pods Manifest.lock */ = {
			isa = PBXShellScriptBuildPhase;
			buildActionMask = 2147483647;
			files = (
			);
			inputFileListPaths = (
			);
			inputPaths = (
				"${PODS_PODFILE_DIR_PATH}/Podfile.lock",
				"${PODS_ROOT}/Manifest.lock",
			);
			name = "[CP] Check Pods Manifest.lock";
			outputFileListPaths = (
			);
			outputPaths = (
				"$(DERIVED_FILE_DIR)/Pods-HelloRxSwift-checkManifestLockResult.txt",
			);
			runOnlyForDeploymentPostprocessing = 0;
			shellPath = /bin/sh;
			shellScript = "diff \"${PODS_PODFILE_DIR_PATH}/Podfile.lock\" \"${PODS_ROOT}/Manifest.lock\" > /dev/null\nif [ $? != 0 ] ; then\n    # print error to STDERR\n    echo \"error: The sandbox is not in sync with the Podfile.lock. Run 'pod install' or update your CocoaPods installation.\" >&2\n    exit 1\nfi\n# This output is used by Xcode 'outputs' to avoid re-running this script phase.\necho \"SUCCESS\" > \"${SCRIPT_OUTPUT_FILE_0}\"\n";
			showEnvVarsInLog = 0;
		};
		8BFF15A46DC2BE869CC2655B /* [CP] Embed Pods Frameworks */ = {
			isa = PBXShellScriptBuildPhase;
			buildActionMask = 2147483647;
			files = (
			);
			inputFileListPaths = (
				"${PODS_ROOT}/Target Support Files/Pods-HelloRxSwift/Pods-HelloRxSwift-frameworks-${CONFIGURATION}-input-files.xcfilelist",
			);
			name = "[CP] Embed Pods Frameworks";
			outputFileListPaths = (
				"${PODS_ROOT}/Target Support Files/Pods-HelloRxSwift/Pods-HelloRxSwift-frameworks-${CONFIGURATION}-output-files.xcfilelist",
			);
			runOnlyForDeploymentPostprocessing = 0;
			shellPath = /bin/sh;
			shellScript = "\"${PODS_ROOT}/Target Support Files/Pods-HelloRxSwift/Pods-HelloRxSwift-frameworks.sh\"\n";
			showEnvVarsInLog = 0;
		};
/* End PBXShellScriptBuildPhase section */

/* Begin PBXSourcesBuildPhase section */
		61CC03D724D1A905003C22BA /* Sources */ = {
			isa = PBXSourcesBuildPhase;
			buildActionMask = 2147483647;
			files = (
				61CC03E324D1A905003C22BA /* ViewController.swift in Sources */,
				61CC03DF24D1A905003C22BA /* AppDelegate.swift in Sources */,
				61CC03E124D1A905003C22BA /* SceneDelegate.swift in Sources */,
			);
			runOnlyForDeploymentPostprocessing = 0;
		};
/* End PBXSourcesBuildPhase section */

/* Begin PBXVariantGroup section */
		61CC03E424D1A905003C22BA /* Main.storyboard */ = {
			isa = PBXVariantGroup;
			children = (
				61CC03E524D1A905003C22BA /* Base */,
			);
			name = Main.storyboard;
			sourceTree = "<group>";
		};
		61CC03E924D1A90C003C22BA /* LaunchScreen.storyboard */ = {
			isa = PBXVariantGroup;
			children = (
				61CC03EA24D1A90C003C22BA /* Base */,
			);
			name = LaunchScreen.storyboard;
			sourceTree = "<group>";
		};
/* End PBXVariantGroup section */

/* Begin XCBuildConfiguration section */
		61CC03ED24D1A90C003C22BA /* Debug */ = {
			isa = XCBuildConfiguration;
			buildSettings = {
				ALWAYS_SEARCH_USER_PATHS = NO;
				CLANG_ANALYZER_NONNULL = YES;
				CLANG_ANALYZER_NUMBER_OBJECT_CONVERSION = YES_AGGRESSIVE;
				CLANG_CXX_LANGUAGE_STANDARD = "gnu++14";
				CLANG_CXX_LIBRARY = "libc++";
				CLANG_ENABLE_MODULES = YES;
				CLANG_ENABLE_OBJC_ARC = YES;
				CLANG_ENABLE_OBJC_WEAK = YES;
				CLANG_WARN_BLOCK_CAPTURE_AUTORELEASING = YES;
				CLANG_WARN_BOOL_CONVERSION = YES;
				CLANG_WARN_COMMA = YES;
				CLANG_WARN_CONSTANT_CONVERSION = YES;
				CLANG_WARN_DEPRECATED_OBJC_IMPLEMENTATIONS = YES;
				CLANG_WARN_DIRECT_OBJC_ISA_USAGE = YES_ERROR;
				CLANG_WARN_DOCUMENTATION_COMMENTS = YES;
				CLANG_WARN_EMPTY_BODY = YES;
				CLANG_WARN_ENUM_CONVERSION = YES;
				CLANG_WARN_INFINITE_RECURSION = YES;
				CLANG_WARN_INT_CONVERSION = YES;
				CLANG_WARN_NON_LITERAL_NULL_CONVERSION = YES;
				CLANG_WARN_OBJC_IMPLICIT_RETAIN_SELF = YES;
				CLANG_WARN_OBJC_LITERAL_CONVERSION = YES;
				CLANG_WARN_OBJC_ROOT_CLASS = YES_ERROR;
				CLANG_WARN_RANGE_LOOP_ANALYSIS = YES;
				CLANG_WARN_STRICT_PROTOTYPES = YES;
				CLANG_WARN_SUSPICIOUS_MOVE = YES;
				CLANG_WARN_UNGUARDED_AVAILABILITY = YES_AGGRESSIVE;
				CLANG_WARN_UNREACHABLE_CODE = YES;
				CLANG_WARN__DUPLICATE_METHOD_MATCH = YES;
				COPY_PHASE_STRIP = NO;
				DEBUG_INFORMATION_FORMAT = dwarf;
				ENABLE_STRICT_OBJC_MSGSEND = YES;
				ENABLE_TESTABILITY = YES;
				GCC_C_LANGUAGE_STANDARD = gnu11;
				GCC_DYNAMIC_NO_PIC = NO;
				GCC_NO_COMMON_BLOCKS = YES;
				GCC_OPTIMIZATION_LEVEL = 0;
				GCC_PREPROCESSOR_DEFINITIONS = (
					"DEBUG=1",
					"$(inherited)",
				);
				GCC_WARN_64_TO_32_BIT_CONVERSION = YES;
				GCC_WARN_ABOUT_RETURN_TYPE = YES_ERROR;
				GCC_WARN_UNDECLARED_SELECTOR = YES;
				GCC_WARN_UNINITIALIZED_AUTOS = YES_AGGRESSIVE;
				GCC_WARN_UNUSED_FUNCTION = YES;
				GCC_WARN_UNUSED_VARIABLE = YES;
				IPHONEOS_DEPLOYMENT_TARGET = 13.2;
				MTL_ENABLE_DEBUG_INFO = INCLUDE_SOURCE;
				MTL_FAST_MATH = YES;
				ONLY_ACTIVE_ARCH = YES;
				SDKROOT = iphoneos;
				SWIFT_ACTIVE_COMPILATION_CONDITIONS = DEBUG;
				SWIFT_OPTIMIZATION_LEVEL = "-Onone";
			};
			name = Debug;
		};
		61CC03EE24D1A90C003C22BA /* Release */ = {
			isa = XCBuildConfiguration;
			buildSettings = {
				ALWAYS_SEARCH_USER_PATHS = NO;
				CLANG_ANALYZER_NONNULL = YES;
				CLANG_ANALYZER_NUMBER_OBJECT_CONVERSION = YES_AGGRESSIVE;
				CLANG_CXX_LANGUAGE_STANDARD = "gnu++14";
				CLANG_CXX_LIBRARY = "libc++";
				CLANG_ENABLE_MODULES = YES;
				CLANG_ENABLE_OBJC_ARC = YES;
				CLANG_ENABLE_OBJC_WEAK = YES;
				CLANG_WARN_BLOCK_CAPTURE_AUTORELEASING = YES;
				CLANG_WARN_BOOL_CONVERSION = YES;
				CLANG_WARN_COMMA = YES;
				CLANG_WARN_CONSTANT_CONVERSION = YES;
				CLANG_WARN_DEPRECATED_OBJC_IMPLEMENTATIONS = YES;
				CLANG_WARN_DIRECT_OBJC_ISA_USAGE = YES_ERROR;
				CLANG_WARN_DOCUMENTATION_COMMENTS = YES;
				CLANG_WARN_EMPTY_BODY = YES;
				CLANG_WARN_ENUM_CONVERSION = YES;
				CLANG_WARN_INFINITE_RECURSION = YES;
				CLANG_WARN_INT_CONVERSION = YES;
				CLANG_WARN_NON_LITERAL_NULL_CONVERSION = YES;
				CLANG_WARN_OBJC_IMPLICIT_RETAIN_SELF = YES;
				CLANG_WARN_OBJC_LITERAL_CONVERSION = YES;
				CLANG_WARN_OBJC_ROOT_CLASS = YES_ERROR;
				CLANG_WARN_RANGE_LOOP_ANALYSIS = YES;
				CLANG_WARN_STRICT_PROTOTYPES = YES;
				CLANG_WARN_SUSPICIOUS_MOVE = YES;
				CLANG_WARN_UNGUARDED_AVAILABILITY = YES_AGGRESSIVE;
				CLANG_WARN_UNREACHABLE_CODE = YES;
				CLANG_WARN__DUPLICATE_METHOD_MATCH = YES;
				COPY_PHASE_STRIP = NO;
				DEBUG_INFORMATION_FORMAT = "dwarf-with-dsym";
				ENABLE_NS_ASSERTIONS = NO;
				ENABLE_STRICT_OBJC_MSGSEND = YES;
				GCC_C_LANGUAGE_STANDARD = gnu11;
				GCC_NO_COMMON_BLOCKS = YES;
				GCC_WARN_64_TO_32_BIT_CONVERSION = YES;
				GCC_WARN_ABOUT_RETURN_TYPE = YES_ERROR;
				GCC_WARN_UNDECLARED_SELECTOR = YES;
				GCC_WARN_UNINITIALIZED_AUTOS = YES_AGGRESSIVE;
				GCC_WARN_UNUSED_FUNCTION = YES;
				GCC_WARN_UNUSED_VARIABLE = YES;
				IPHONEOS_DEPLOYMENT_TARGET = 13.2;
				MTL_ENABLE_DEBUG_INFO = NO;
				MTL_FAST_MATH = YES;
				SDKROOT = iphoneos;
				SWIFT_COMPILATION_MODE = wholemodule;
				SWIFT_OPTIMIZATION_LEVEL = "-O";
				VALIDATE_PRODUCT = YES;
			};
			name = Release;
		};
		61CC03F024D1A90C003C22BA /* Debug */ = {
			isa = XCBuildConfiguration;
			baseConfigurationReference = 199B39BED27881407186A22E /* Pods-HelloRxSwift.debug.xcconfig */;
			buildSettings = {
				ASSETCATALOG_COMPILER_APPICON_NAME = AppIcon;
				CODE_SIGN_STYLE = Automatic;
				DEVELOPMENT_TEAM = W4M7279BBQ;
				INFOPLIST_FILE = HelloRxSwift/Info.plist;
				LD_RUNPATH_SEARCH_PATHS = (
					"$(inherited)",
					"@executable_path/Frameworks",
				);
				PRODUCT_BUNDLE_IDENTIFIER = jaberi.HelloRxSwift;
				PRODUCT_NAME = "$(TARGET_NAME)";
				SWIFT_VERSION = 5.0;
				TARGETED_DEVICE_FAMILY = "1,2";
			};
			name = Debug;
		};
		61CC03F124D1A90C003C22BA /* Release */ = {
			isa = XCBuildConfiguration;
			baseConfigurationReference = DBD406F247665D9B8DD5EE08 /* Pods-HelloRxSwift.release.xcconfig */;
			buildSettings = {
				ASSETCATALOG_COMPILER_APPICON_NAME = AppIcon;
				CODE_SIGN_STYLE = Automatic;
				DEVELOPMENT_TEAM = W4M7279BBQ;
				INFOPLIST_FILE = HelloRxSwift/Info.plist;
				LD_RUNPATH_SEARCH_PATHS = (
					"$(inherited)",
					"@executable_path/Frameworks",
				);
				PRODUCT_BUNDLE_IDENTIFIER = jaberi.HelloRxSwift;
				PRODUCT_NAME = "$(TARGET_NAME)";
				SWIFT_VERSION = 5.0;
				TARGETED_DEVICE_FAMILY = "1,2";
			};
			name = Release;
		};
/* End XCBuildConfiguration section */

/* Begin XCConfigurationList section */
		61CC03D624D1A905003C22BA /* Build configuration list for PBXProject "HelloRxSwift" */ = {
			isa = XCConfigurationList;
			buildConfigurations = (
				61CC03ED24D1A90C003C22BA /* Debug */,
				61CC03EE24D1A90C003C22BA /* Release */,
			);
			defaultConfigurationIsVisible = 0;
			defaultConfigurationName = Release;
		};
		61CC03EF24D1A90C003C22BA /* Build configuration list for PBXNativeTarget "HelloRxSwift" */ = {
			isa = XCConfigurationList;
			buildConfigurations = (
				61CC03F024D1A90C003C22BA /* Debug */,
				61CC03F124D1A90C003C22BA /* Release */,
			);
			defaultConfigurationIsVisible = 0;
			defaultConfigurationName = Release;
		};
/* End XCConfigurationList section */
	};
	rootObject = 61CC03D324D1A905003C22BA /* Project object */;
}
